# THIS IS AN AUTOGENERATED FILE. DO NOT EDIT THIS FILE DIRECTLY.
# yarn lockfile v1


"@actions/core@^1.6.0":
  version "1.6.0"
  resolved "https://registry.npmmirror.com/@actions/core/download/@actions/core-1.6.0.tgz#0568e47039bfb6a9170393a73f3b7eb3b22462cb"
  integrity sha1-BWjkcDm/tqkXA5OnPzt+s7IkYss=
  dependencies:
    "@actions/http-client" "^1.0.11"

"@actions/github@^5.0.0":
  version "5.0.0"
  resolved "https://registry.npmmirror.com/@actions/github/download/@actions/github-5.0.0.tgz#1754127976c50bd88b2e905f10d204d76d1472f8"
  integrity sha1-F1QSeXbFC9iLLpBfENIE120Ucvg=
  dependencies:
    "@actions/http-client" "^1.0.11"
    "@octokit/core" "^3.4.0"
    "@octokit/plugin-paginate-rest" "^2.13.3"
    "@octokit/plugin-rest-endpoint-methods" "^5.1.1"

"@actions/http-client@^1.0.11":
  version "1.0.11"
  resolved "https://registry.npmmirror.com/@actions/http-client/download/@actions/http-client-1.0.11.tgz#c58b12e9aa8b159ee39e7dd6cbd0e91d905633c0"
  integrity sha1-xYsS6aqLFZ7jnn3Wy9DpHZBWM8A=
  dependencies:
    tunnel "0.0.6"

"@octokit/app@^12.0.4":
  version "12.0.5"
  resolved "https://registry.npmmirror.com/@octokit/app/download/@octokit/app-12.0.5.tgz#0b25446daffcb36967b26944410eab1ccbba0c06"
  integrity sha1-CyVEba/8s2lnsmlEQQ6rHMu6DAY=
  dependencies:
    "@octokit/auth-app" "^3.3.0"
    "@octokit/auth-unauthenticated" "^2.0.4"
    "@octokit/core" "^3.4.0"
    "@octokit/oauth-app" "^3.3.2"
    "@octokit/plugin-paginate-rest" "^2.13.3"
    "@octokit/types" "^6.27.1"
    "@octokit/webhooks" "^9.0.1"

"@octokit/auth-app@^3.3.0":
  version "3.6.1"
  resolved "https://registry.npmmirror.com/@octokit/auth-app/download/@octokit/auth-app-3.6.1.tgz#aa5b02cc211175cbc28ce6c03c73373c1206d632"
  integrity sha1-qlsCzCERdcvCjObAPHM3PBIG1jI=
  dependencies:
    "@octokit/auth-oauth-app" "^4.3.0"
    "@octokit/auth-oauth-user" "^1.2.3"
    "@octokit/request" "^5.6.0"
    "@octokit/request-error" "^2.1.0"
    "@octokit/types" "^6.0.3"
    "@types/lru-cache" "^5.1.0"
    deprecation "^2.3.1"
    lru-cache "^6.0.0"
    universal-github-app-jwt "^1.0.1"
    universal-user-agent "^6.0.0"

"@octokit/auth-oauth-app@^4.0.0", "@octokit/auth-oauth-app@^4.3.0":
  version "4.3.0"
  resolved "https://registry.npmmirror.com/@octokit/auth-oauth-app/download/@octokit/auth-oauth-app-4.3.0.tgz#de02f184360ffd7cfccef861053784fc4410e7ea"
  integrity sha1-3gLxhDYP/Xz8zvhhBTeE/EQQ5+o=
  dependencies:
    "@octokit/auth-oauth-device" "^3.1.1"
    "@octokit/auth-oauth-user" "^1.2.1"
    "@octokit/request" "^5.3.0"
    "@octokit/types" "^6.0.3"
    "@types/btoa-lite" "^1.0.0"
    btoa-lite "^1.0.0"
    universal-user-agent "^6.0.0"

"@octokit/auth-oauth-device@^3.1.1":
  version "3.1.2"
  resolved "https://registry.npmmirror.com/@octokit/auth-oauth-device/download/@octokit/auth-oauth-device-3.1.2.tgz#d299f51f491669f37fe7af8738f5ac921e63973c"
  integrity sha1-0pn1H0kWafN/56+HOPWskh5jlzw=
  dependencies:
    "@octokit/oauth-methods" "^1.1.0"
    "@octokit/request" "^5.4.14"
    "@octokit/types" "^6.10.0"
    universal-user-agent "^6.0.0"

"@octokit/auth-oauth-user@^1.2.1", "@octokit/auth-oauth-user@^1.2.3", "@octokit/auth-oauth-user@^1.3.0":
  version "1.3.0"
  resolved "https://registry.npmmirror.com/@octokit/auth-oauth-user/download/@octokit/auth-oauth-user-1.3.0.tgz#da4e4529145181a6aa717ae858afb76ebd6e3360"
  integrity sha1-2k5FKRRRgaaqcXroWK+3br1uM2A=
  dependencies:
    "@octokit/auth-oauth-device" "^3.1.1"
    "@octokit/oauth-methods" "^1.1.0"
    "@octokit/request" "^5.4.14"
    "@octokit/types" "^6.12.2"
    btoa-lite "^1.0.0"
    universal-user-agent "^6.0.0"

"@octokit/auth-token@^2.4.4":
  version "2.5.0"
  resolved "https://registry.nlark.com/@octokit/auth-token/download/@octokit/auth-token-2.5.0.tgz#27c37ea26c205f28443402477ffd261311f21e36"
  integrity sha1-J8N+omwgXyhENAJHf/0mExHyHjY=
  dependencies:
    "@octokit/types" "^6.0.3"

"@octokit/auth-unauthenticated@^2.0.0", "@octokit/auth-unauthenticated@^2.0.4":
  version "2.1.0"
  resolved "https://registry.npmmirror.com/@octokit/auth-unauthenticated/download/@octokit/auth-unauthenticated-2.1.0.tgz#ef97de366836e09f130de4e2205be955f9cf131c"
  integrity sha1-75feNmg24J8TDeTiIFvpVfnPExw=
  dependencies:
    "@octokit/request-error" "^2.1.0"
    "@octokit/types" "^6.0.3"

"@octokit/core@^3.3.2", "@octokit/core@^3.4.0", "@octokit/core@^3.5.1":
  version "3.5.1"
  resolved "https://registry.nlark.com/@octokit/core/download/@octokit/core-3.5.1.tgz#8601ceeb1ec0e1b1b8217b960a413ed8e947809b"
  integrity sha1-hgHO6x7A4bG4IXuWCkE+2OlHgJs=
  dependencies:
    "@octokit/auth-token" "^2.4.4"
    "@octokit/graphql" "^4.5.8"
    "@octokit/request" "^5.6.0"
    "@octokit/request-error" "^2.0.5"
    "@octokit/types" "^6.0.3"
    before-after-hook "^2.2.0"
    universal-user-agent "^6.0.0"

"@octokit/endpoint@^6.0.1":
  version "6.0.12"
  resolved "https://registry.nlark.com/@octokit/endpoint/download/@octokit/endpoint-6.0.12.tgz#3b4d47a4b0e79b1027fb8d75d4221928b2d05658"
  integrity sha1-O01HpLDnmxAn+4111CIZKLLQVlg=
  dependencies:
    "@octokit/types" "^6.0.3"
    is-plain-object "^5.0.0"
    universal-user-agent "^6.0.0"

"@octokit/graphql@^4.5.8":
  version "4.8.0"
  resolved "https://registry.nlark.com/@octokit/graphql/download/@octokit/graphql-4.8.0.tgz#664d9b11c0e12112cbf78e10f49a05959aa22cc3"
  integrity sha1-Zk2bEcDhIRLL944Q9JoFlZqiLMM=
  dependencies:
    "@octokit/request" "^5.6.0"
    "@octokit/types" "^6.0.3"
    universal-user-agent "^6.0.0"

"@octokit/oauth-app@^3.3.2", "@octokit/oauth-app@^3.5.1":
  version "3.6.0"
  resolved "https://registry.npmmirror.com/@octokit/oauth-app/download/@octokit/oauth-app-3.6.0.tgz#36f660c7eb6b5a5cd23f6207a8d95e74b6834db0"
  integrity sha1-NvZgx+trWlzSP2IHqNledLaDTbA=
  dependencies:
    "@octokit/auth-oauth-app" "^4.0.0"
    "@octokit/auth-oauth-user" "^1.3.0"
    "@octokit/auth-unauthenticated" "^2.0.0"
    "@octokit/core" "^3.3.2"
    "@octokit/oauth-authorization-url" "^4.2.1"
    "@octokit/oauth-methods" "^1.2.2"
    "@types/aws-lambda" "^8.10.83"
    fromentries "^1.3.1"
    universal-user-agent "^6.0.0"

"@octokit/oauth-authorization-url@^4.2.1", "@octokit/oauth-authorization-url@^4.3.1":
  version "4.3.3"
  resolved "https://registry.npmmirror.com/@octokit/oauth-authorization-url/download/@octokit/oauth-authorization-url-4.3.3.tgz#6a6ef38f243086fec882b62744f39b517528dfb9"
  integrity sha1-am7zjyQwhv7IgrYnRPObUXUo37k=

"@octokit/oauth-methods@^1.1.0", "@octokit/oauth-methods@^1.2.2":
  version "1.2.6"
  resolved "https://registry.npmmirror.com/@octokit/oauth-methods/download/@octokit/oauth-methods-1.2.6.tgz#b9ac65e374b2cc55ee9dd8dcdd16558550438ea7"
  integrity sha1-uaxl43SyzFXundjc3RZVhVBDjqc=
  dependencies:
    "@octokit/oauth-authorization-url" "^4.3.1"
    "@octokit/request" "^5.4.14"
    "@octokit/request-error" "^2.0.5"
    "@octokit/types" "^6.12.2"
    btoa-lite "^1.0.0"

"@octokit/openapi-types@^11.2.0":
  version "11.2.0"
  resolved "https://registry.npmmirror.com/@octokit/openapi-types/download/@octokit/openapi-types-11.2.0.tgz?cache=0&sync_timestamp=1633914588289&other_urls=https%3A%2F%2Fregistry.npmmirror.com%2F%40octokit%2Fopenapi-types%2Fdownload%2F%40octokit%2Fopenapi-types-11.2.0.tgz#b38d7fc3736d52a1e96b230c1ccd4a58a2f400a6"
  integrity sha1-s41/w3NtUqHpayMMHM1KWKL0AKY=

"@octokit/plugin-paginate-rest@^2.13.3", "@octokit/plugin-paginate-rest@^2.16.8":
  version "2.17.0"
  resolved "https://registry.npmmirror.com/@octokit/plugin-paginate-rest/download/@octokit/plugin-paginate-rest-2.17.0.tgz?cache=0&sync_timestamp=1633914623475&other_urls=https%3A%2F%2Fregistry.npmmirror.com%2F%40octokit%2Fplugin-paginate-rest%2Fdownload%2F%40octokit%2Fplugin-paginate-rest-2.17.0.tgz#32e9c7cab2a374421d3d0de239102287d791bce7"
  integrity sha1-MunHyrKjdEIdPQ3iORAih9eRvOc=
  dependencies:
    "@octokit/types" "^6.34.0"

"@octokit/plugin-rest-endpoint-methods@^5.1.1", "@octokit/plugin-rest-endpoint-methods@^5.12.0":
  version "5.13.0"
  resolved "https://registry.npmmirror.com/@octokit/plugin-rest-endpoint-methods/download/@octokit/plugin-rest-endpoint-methods-5.13.0.tgz?cache=0&sync_timestamp=1633914623174&other_urls=https%3A%2F%2Fregistry.npmmirror.com%2F%40octokit%2Fplugin-rest-endpoint-methods%2Fdownload%2F%40octokit%2Fplugin-rest-endpoint-methods-5.13.0.tgz#8c46109021a3412233f6f50d28786f8e552427ba"
  integrity sha1-jEYQkCGjQSIz9vUNKHhvjlUkJ7o=
  dependencies:
    "@octokit/types" "^6.34.0"
    deprecation "^2.3.1"

"@octokit/plugin-retry@^3.0.9":
  version "3.0.9"
  resolved "https://registry.npmmirror.com/@octokit/plugin-retry/download/@octokit/plugin-retry-3.0.9.tgz#ae625cca1e42b0253049102acd71c1d5134788fe"
  integrity sha1-rmJcyh5CsCUwSRAqzXHB1RNHiP4=
  dependencies:
    "@octokit/types" "^6.0.3"
    bottleneck "^2.15.3"

"@octokit/plugin-throttling@^3.5.1":
  version "3.5.2"
  resolved "https://registry.npmmirror.com/@octokit/plugin-throttling/download/@octokit/plugin-throttling-3.5.2.tgz#8b1797a5f14edbca0b8af619394056ed0ed5c9b5"
  integrity sha1-ixeXpfFO28oLivYZOUBW7Q7VybU=
  dependencies:
    "@octokit/types" "^6.0.1"
    bottleneck "^2.15.3"

"@octokit/request-error@^2.0.2", "@octokit/request-error@^2.0.5", "@octokit/request-error@^2.1.0":
  version "2.1.0"
  resolved "https://registry.nlark.com/@octokit/request-error/download/@octokit/request-error-2.1.0.tgz?cache=0&sync_timestamp=1623459221471&other_urls=https%3A%2F%2Fregistry.nlark.com%2F%40octokit%2Frequest-error%2Fdownload%2F%40octokit%2Frequest-error-2.1.0.tgz#9e150357831bfc788d13a4fd4b1913d60c74d677"
  integrity sha1-nhUDV4Mb/HiNE6T9SxkT1gx01nc=
  dependencies:
    "@octokit/types" "^6.0.3"
    deprecation "^2.0.0"
    once "^1.4.0"

"@octokit/request@^5.3.0", "@octokit/request@^5.4.14", "@octokit/request@^5.6.0":
  version "5.6.2"
  resolved "https://registry.npmmirror.com/@octokit/request/download/@octokit/request-5.6.2.tgz#1aa74d5da7b9e04ac60ef232edd9a7438dcf32d8"
  integrity sha1-GqdNXae54ErGDvIy7dmnQ43PMtg=
  dependencies:
    "@octokit/endpoint" "^6.0.1"
    "@octokit/request-error" "^2.1.0"
    "@octokit/types" "^6.16.1"
    is-plain-object "^5.0.0"
    node-fetch "^2.6.1"
    universal-user-agent "^6.0.0"

"@octokit/types@^6.0.1", "@octokit/types@^6.0.3", "@octokit/types@^6.10.0", "@octokit/types@^6.12.2", "@octokit/types@^6.16.1", "@octokit/types@^6.26.0", "@octokit/types@^6.27.1", "@octokit/types@^6.34.0":
  version "6.34.0"
  resolved "https://registry.npmmirror.com/@octokit/types/download/@octokit/types-6.34.0.tgz#c6021333334d1ecfb5d370a8798162ddf1ae8218"
  integrity sha1-xgITMzNNHs+103CoeYFi3fGughg=
  dependencies:
    "@octokit/openapi-types" "^11.2.0"

"@octokit/webhooks-methods@^2.0.0":
  version "2.0.0"
  resolved "https://registry.npmmirror.com/@octokit/webhooks-methods/download/@octokit/webhooks-methods-2.0.0.tgz#1108b9ea661ca6c81e4a8bfa63a09eb27d5bc2db"
  integrity sha1-EQi56mYcpsgeSov6Y6Cesn1bwts=

"@octokit/webhooks-types@4.12.0":
  version "4.12.0"
  resolved "https://registry.npmmirror.com/@octokit/webhooks-types/download/@octokit/webhooks-types-4.12.0.tgz#add8b98d60ab42e965c4ba31040097f810e222de"
  integrity sha1-rdi5jWCrQullxLoxBACX+BDiIt4=

"@octokit/webhooks@^9.0.1":
  version "9.17.0"
  resolved "https://registry.npmmirror.com/@octokit/webhooks/download/@octokit/webhooks-9.17.0.tgz#81140b2e127157aa9817d085cd8758545e4a72e4"
  integrity sha1-gRQLLhJxV6qYF9CFzYdYVF5KcuQ=
  dependencies:
    "@octokit/request-error" "^2.0.2"
    "@octokit/webhooks-methods" "^2.0.0"
    "@octokit/webhooks-types" "4.12.0"
    aggregate-error "^3.1.0"

"@types/aws-lambda@^8.10.83":
  version "8.10.84"
  resolved "https://registry.npmmirror.com/@types/aws-lambda/download/@types/aws-lambda-8.10.84.tgz#b1f391ceeb6908b28d8416d93f27afe8d1348d4e"
  integrity sha1-sfORzutpCLKNhBbZPyev6NE0jU4=

"@types/btoa-lite@^1.0.0":
  version "1.0.0"
  resolved "https://registry.nlark.com/@types/btoa-lite/download/@types/btoa-lite-1.0.0.tgz#e190a5a548e0b348adb0df9ac7fa5f1151c7cca4"
  integrity sha1-4ZClpUjgs0itsN+ax/pfEVHHzKQ=

"@types/jsonwebtoken@^8.3.3":
  version "8.5.5"
  resolved "https://registry.nlark.com/@types/jsonwebtoken/download/@types/jsonwebtoken-8.5.5.tgz#da5f2f4baee88f052ef3e4db4c1a0afb46cff22c"
  integrity sha1-2l8vS67ojwUu8+TbTBoK+0bP8iw=
  dependencies:
    "@types/node" "*"

"@types/lru-cache@^5.1.0":
  version "5.1.1"
  resolved "https://registry.nlark.com/@types/lru-cache/download/@types/lru-cache-5.1.1.tgz?cache=0&sync_timestamp=1629708372944&other_urls=https%3A%2F%2Fregistry.nlark.com%2F%40types%2Flru-cache%2Fdownload%2F%40types%2Flru-cache-5.1.1.tgz#c48c2e27b65d2a153b19bfc1a317e30872e01eef"
  integrity sha1-xIwuJ7ZdKhU7Gb/BoxfjCHLgHu8=

"@types/node@*":
  version "16.11.1"
  resolved "https://registry.npmmirror.com/@types/node/download/@types/node-16.11.1.tgz?cache=0&sync_timestamp=1634443414534&other_urls=https%3A%2F%2Fregistry.npmmirror.com%2F%40types%2Fnode%2Fdownload%2F%40types%2Fnode-16.11.1.tgz#2e50a649a50fc403433a14f829eface1a3443e97"
  integrity sha1-LlCmSaUPxANDOhT4Ke+s4aNEPpc=

aggregate-error@^3.1.0:
  version "3.1.0"
  resolved "https://registry.nlark.com/aggregate-error/download/aggregate-error-3.1.0.tgz#92670ff50f5359bdb7a3e0d40d0ec30c5737687a"
  integrity sha1-kmcP9Q9TWb23o+DUDQ7DDFc3aHo=
  dependencies:
    clean-stack "^2.0.0"
    indent-string "^4.0.0"

before-after-hook@^2.2.0:
  version "2.2.2"
  resolved "https://registry.nlark.com/before-after-hook/download/before-after-hook-2.2.2.tgz#a6e8ca41028d90ee2c24222f201c90956091613e"
  integrity sha1-pujKQQKNkO4sJCIvIByQlWCRYT4=

bottleneck@^2.15.3:
  version "2.19.5"
  resolved "https://registry.npm.taobao.org/bottleneck/download/bottleneck-2.19.5.tgz#5df0b90f59fd47656ebe63c78a98419205cadd91"
  integrity sha1-XfC5D1n9R2VuvmPHiphBkgXK3ZE=

btoa-lite@^1.0.0:
  version "1.0.0"
  resolved "https://registry.nlark.com/btoa-lite/download/btoa-lite-1.0.0.tgz#337766da15801210fdd956c22e9c6891ab9d0337"
  integrity sha1-M3dm2hWAEhD92VbCLpxokaudAzc=

buffer-equal-constant-time@1.0.1:
  version "1.0.1"
  resolved "https://registry.nlark.com/buffer-equal-constant-time/download/buffer-equal-constant-time-1.0.1.tgz#f8e71132f7ffe6e01a5c9697a4c6f3e48d5cc819"
  integrity sha1-+OcRMvf/5uAaXJaXpMbz5I1cyBk=

clean-stack@^2.0.0:
  version "2.2.0"
  resolved "https://registry.nlark.com/clean-stack/download/clean-stack-2.2.0.tgz#ee8472dbb129e727b31e8a10a427dee9dfe4008b"
  integrity sha1-7oRy27Ep5yezHooQpCfe6d/kAIs=

deprecation@^2.0.0, deprecation@^2.3.1:
  version "2.3.1"
  resolved "https://registry.npm.taobao.org/deprecation/download/deprecation-2.3.1.tgz#6368cbdb40abf3373b525ac87e4a260c3a700919"
  integrity sha1-Y2jL20Cr8zc7UlrIfkomDDpwCRk=

ecdsa-sig-formatter@1.0.11:
  version "1.0.11"
  resolved "https://registry.nlark.com/ecdsa-sig-formatter/download/ecdsa-sig-formatter-1.0.11.tgz#ae0f0fa2d85045ef14a817daa3ce9acd0489e5bf"
  integrity sha1-rg8PothQRe8UqBfao86azQSJ5b8=
  dependencies:
    safe-buffer "^5.0.1"

fromentries@^1.3.1:
  version "1.3.2"
  resolved "https://registry.nlark.com/fromentries/download/fromentries-1.3.2.tgz#e4bca6808816bf8f93b52750f1127f5a6fd86e3a"
  integrity sha1-5LymgIgWv4+TtSdQ8RJ/Wm/Ybjo=

indent-string@^4.0.0:
  version "4.0.0"
  resolved "https://registry.nlark.com/indent-string/download/indent-string-4.0.0.tgz#624f8f4497d619b2d9768531d58f4122854d7251"
  integrity sha1-Yk+PRJfWGbLZdoUx1Y9BIoVNclE=

is-plain-object@^5.0.0:
  version "5.0.0"
  resolved "https://registry.nlark.com/is-plain-object/download/is-plain-object-5.0.0.tgz#4427f50ab3429e9025ea7d52e9043a9ef4159344"
  integrity sha1-RCf1CrNCnpAl6n1S6QQ6nvQVk0Q=

jsonwebtoken@^8.5.1:
  version "8.5.1"
  resolved "https://registry.nlark.com/jsonwebtoken/download/jsonwebtoken-8.5.1.tgz#00e71e0b8df54c2121a1f26137df2280673bcc0d"
  integrity sha1-AOceC431TCEhofJhN98igGc7zA0=
  dependencies:
    jws "^3.2.2"
    lodash.includes "^4.3.0"
    lodash.isboolean "^3.0.3"
    lodash.isinteger "^4.0.4"
    lodash.isnumber "^3.0.3"
    lodash.isplainobject "^4.0.6"
    lodash.isstring "^4.0.1"
    lodash.once "^4.0.0"
    ms "^2.1.1"
    semver "^5.6.0"

jwa@^1.4.1:
  version "1.4.1"
  resolved "https://registry.nlark.com/jwa/download/jwa-1.4.1.tgz#743c32985cb9e98655530d53641b66c8645b039a"
  integrity sha1-dDwymFy56YZVUw1TZBtmyGRbA5o=
  dependencies:
    buffer-equal-constant-time "1.0.1"
    ecdsa-sig-formatter "1.0.11"
    safe-buffer "^5.0.1"

jws@^3.2.2:
  version "3.2.2"
  resolved "https://registry.nlark.com/jws/download/jws-3.2.2.tgz#001099f3639468c9414000e99995fa52fb478304"
  integrity sha1-ABCZ82OUaMlBQADpmZX6UvtHgwQ=
  dependencies:
    jwa "^1.4.1"
    safe-buffer "^5.0.1"

lodash.includes@^4.3.0:
  version "4.3.0"
  resolved "https://registry.nlark.com/lodash.includes/download/lodash.includes-4.3.0.tgz#60bb98a87cb923c68ca1e51325483314849f553f"
  integrity sha1-YLuYqHy5I8aMoeUTJUgzFISfVT8=

lodash.isboolean@^3.0.3:
  version "3.0.3"
  resolved "https://registry.nlark.com/lodash.isboolean/download/lodash.isboolean-3.0.3.tgz#6c2e171db2a257cd96802fd43b01b20d5f5870f6"
  integrity sha1-bC4XHbKiV82WgC/UOwGyDV9YcPY=

lodash.isinteger@^4.0.4:
  version "4.0.4"
  resolved "https://registry.nlark.com/lodash.isinteger/download/lodash.isinteger-4.0.4.tgz#619c0af3d03f8b04c31f5882840b77b11cd68343"
  integrity sha1-YZwK89A/iwTDH1iChAt3sRzWg0M=

lodash.isnumber@^3.0.3:
  version "3.0.3"
  resolved "https://registry.nlark.com/lodash.isnumber/download/lodash.isnumber-3.0.3.tgz#3ce76810c5928d03352301ac287317f11c0b1ffc"
  integrity sha1-POdoEMWSjQM1IwGsKHMX8RwLH/w=

lodash.isplainobject@^4.0.6:
  version "4.0.6"
  resolved "https://registry.nlark.com/lodash.isplainobject/download/lodash.isplainobject-4.0.6.tgz#7c526a52d89b45c45cc690b88163be0497f550cb"
  integrity sha1-fFJqUtibRcRcxpC4gWO+BJf1UMs=

lodash.isstring@^4.0.1:
  version "4.0.1"
  resolved "https://registry.nlark.com/lodash.isstring/download/lodash.isstring-4.0.1.tgz#d527dfb5456eca7cc9bb95d5daeaf88ba54a5451"
  integrity sha1-1SfftUVuynzJu5XV2ur4i6VKVFE=

lodash.once@^4.0.0:
  version "4.1.1"
  resolved "https://registry.nlark.com/lodash.once/download/lodash.once-4.1.1.tgz#0dd3971213c7c56df880977d504c88fb471a97ac"
  integrity sha1-DdOXEhPHxW34gJd9UEyI+0cal6w=

lru-cache@^6.0.0:
  version "6.0.0"
  resolved "https://registry.nlark.com/lru-cache/download/lru-cache-6.0.0.tgz#6d6fe6570ebd96aaf90fcad1dafa3b2566db3a94"
  integrity sha1-bW/mVw69lqr5D8rR2vo7JWbbOpQ=
  dependencies:
    yallist "^4.0.0"

ms@^2.1.1:
  version "2.1.3"
  resolved "https://registry.npmmirror.com/ms/download/ms-2.1.3.tgz#574c8138ce1d2b5861f0b44579dbadd60c6615b2"
  integrity sha1-V0yBOM4dK1hh8LRFedut1gxmFbI=

node-fetch@^2.6.1:
  version "2.6.5"
  resolved "https://registry.npmmirror.com/node-fetch/download/node-fetch-2.6.5.tgz#42735537d7f080a7e5f78b6c549b7146be1742fd"
  integrity sha1-QnNVN9fwgKfl94tsVJtxRr4XQv0=
  dependencies:
    whatwg-url "^5.0.0"

octokit@^1.7.0:
  version "1.7.0"
  resolved "https://registry.npmmirror.com/octokit/download/octokit-1.7.0.tgz#b98a663ecba951a35428de75786fb8e2669e1467"
  integrity sha1-uYpmPsupUaNUKN51eG+44maeFGc=
  dependencies:
    "@octokit/app" "^12.0.4"
    "@octokit/core" "^3.5.1"
    "@octokit/oauth-app" "^3.5.1"
    "@octokit/plugin-paginate-rest" "^2.16.8"
    "@octokit/plugin-rest-endpoint-methods" "^5.12.0"
    "@octokit/plugin-retry" "^3.0.9"
    "@octokit/plugin-throttling" "^3.5.1"
    "@octokit/types" "^6.26.0"

once@^1.4.0:
  version "1.4.0"
  resolved "https://registry.nlark.com/once/download/once-1.4.0.tgz#583b1aa775961d4b113ac17d9c50baef9dd76bd1"
  integrity sha1-WDsap3WWHUsROsF9nFC6753Xa9E=
  dependencies:
    wrappy "1"

safe-buffer@^5.0.1:
  version "5.2.1"
  resolved "https://registry.nlark.com/safe-buffer/download/safe-buffer-5.2.1.tgz#1eaf9fa9bdb1fdd4ec75f58f9cdb4e6b7827eec6"
  integrity sha1-Hq+fqb2x/dTsdfWPnNtOa3gn7sY=

semver@^5.6.0:
  version "5.7.1"
  resolved "https://registry.nlark.com/semver/download/semver-5.7.1.tgz?cache=0&sync_timestamp=1622685835879&other_urls=https%3A%2F%2Fregistry.nlark.com%2Fsemver%2Fdownload%2Fsemver-5.7.1.tgz#a954f931aeba508d307bbf069eff0c01c96116f7"
  integrity sha1-qVT5Ma66UI0we78Gnv8MAclhFvc=

tr46@~0.0.3:
  version "0.0.3"
  resolved "https://registry.npmmirror.com/tr46/download/tr46-0.0.3.tgz#8184fd347dac9cdc185992f3a6622e14b9d9ab6a"
  integrity sha1-gYT9NH2snNwYWZLzpmIuFLnZq2o=

tunnel@0.0.6:
  version "0.0.6"
  resolved "https://registry.nlark.com/tunnel/download/tunnel-0.0.6.tgz#72f1314b34a5b192db012324df2cc587ca47f92c"
  integrity sha1-cvExSzSlsZLbASMk3yzFh8pH+Sw=

universal-github-app-jwt@^1.0.1:
  version "1.1.0"
  resolved "https://registry.npmmirror.com/universal-github-app-jwt/download/universal-github-app-jwt-1.1.0.tgz#0abaa876101cdf1d3e4c546be2768841c0c1b514"
  integrity sha1-CrqodhAc3x0+TFRr4naIQcDBtRQ=
  dependencies:
    "@types/jsonwebtoken" "^8.3.3"
    jsonwebtoken "^8.5.1"

universal-user-agent@^6.0.0:
  version "6.0.0"
  resolved "https://registry.npmmirror.com/universal-user-agent/download/universal-user-agent-6.0.0.tgz#3381f8503b251c0d9cd21bc1de939ec9df5480ee"
  integrity sha1-M4H4UDslHA2c0hvB3pOeyd9UgO4=

webidl-conversions@^3.0.0:
  version "3.0.1"
  resolved "https://registry.nlark.com/webidl-conversions/download/webidl-conversions-3.0.1.tgz#24534275e2a7bc6be7bc86611cc16ae0a5654871"
  integrity sha1-JFNCdeKnvGvnvIZhHMFq4KVlSHE=

whatwg-url@^5.0.0:
  version "5.0.0"
  resolved "https://registry.npmmirror.com/whatwg-url/download/whatwg-url-5.0.0.tgz?cache=0&sync_timestamp=1634673865107&other_urls=https%3A%2F%2Fregistry.npmmirror.com%2Fwhatwg-url%2Fdownload%2Fwhatwg-url-5.0.0.tgz#966454e8765462e37644d3626f6742ce8b70965d"
  integrity sha1-lmRU6HZUYuN2RNNib2dCzotwll0=
  dependencies:
    tr46 "~0.0.3"
    webidl-conversions "^3.0.0"

wrappy@1:
  version "1.0.2"
  resolved "https://registry.nlark.com/wrappy/download/wrappy-1.0.2.tgz#b5243d8f3ec1aa35f1364605bc0d1036e30ab69f"
  integrity sha1-tSQ9jz7BqjXxNkYFvA0QNuMKtp8=

yallist@^4.0.0:
  version "4.0.0"
  resolved "https://registry.nlark.com/yallist/download/yallist-4.0.0.tgz#9bb92790d9c0effec63be73519e11a35019a3a72"
  integrity sha1-m7knkNnA7/7GO+c1GeEaNQGaOnI=
